
Microsoft Visual Studio Solution File, Format Version 12.00
# Visual Studio 15
VisualStudioVersion = 15.0.26403.3
MinimumVisualStudioVersion = 10.0.40219.1
Project("{8BC9CEB8-8B4A-11D0-8D11-00A0C91BC942}") = "HelloTriangle", "HelloTriangle\HelloTriangle.vcxproj", "{DDF9A905-15C8-49F7-902F-CCD61C7695D5}"
EndProject
Project("{8BC9CEB8-8B4A-11D0-8D11-00A0C91BC942}") = "VertexBuffers", "VertexBuffers\VertexBuffers.vcxproj", "{B151C891-BC8A-4D93-900B-A2A2EA72A139}"
EndProject
Project("{8BC9CEB8-8B4A-11D0-8D11-00A0C91BC942}") = "UniformBuffers", "UniformBuffers\UniformBuffers.vcxproj", "{4F5191D8-B661-42C5-83C8-AFF95070774E}"
EndProject
Project("{8BC9CEB8-8B4A-11D0-8D11-00A0C91BC942}") = "TextureMapping", "TextureMapping\TextureMapping.vcxproj", "{BCEE49C5-736E-48A7-8307-0E8FEEC8EE61}"
EndProject
Global
	GlobalSection(SolutionConfigurationPlatforms) = preSolution
		Debug|x64 = Debug|x64
		Debug|x86 = Debug|x86
		Release|x64 = Release|x64
		Release|x86 = Release|x86
	EndGlobalSection
	GlobalSection(ProjectConfigurationPlatforms) = postSolution
		{DDF9A905-15C8-49F7-902F-CCD61C7695D5}.Debug|x64.ActiveCfg = Debug|x64
		{DDF9A905-15C8-49F7-902F-CCD61C7695D5}.Debug|x64.Build.0 = Debug|x64
		{DDF9A905-15C8-49F7-902F-CCD61C7695D5}.Debug|x86.ActiveCfg = Debug|Win32
		{DDF9A905-15C8-49F7-902F-CCD61C7695D5}.Debug|x86.Build.0 = Debug|Win32
		{DDF9A905-15C8-49F7-902F-CCD61C7695D5}.Release|x64.ActiveCfg = Release|x64
		{DDF9A905-15C8-49F7-902F-CCD61C7695D5}.Release|x64.Build.0 = Release|x64
		{DDF9A905-15C8-49F7-902F-CCD61C7695D5}.Release|x86.ActiveCfg = Release|Win32
		{DDF9A905-15C8-49F7-902F-CCD61C7695D5}.Release|x86.Build.0 = Release|Win32
		{B151C891-BC8A-4D93-900B-A2A2EA72A139}.Debug|x64.ActiveCfg = Debug|x64
		{B151C891-BC8A-4D93-900B-A2A2EA72A139}.Debug|x64.Build.0 = Debug|x64
		{B151C891-BC8A-4D93-900B-A2A2EA72A139}.Debug|x86.ActiveCfg = Debug|Win32
		{B151C891-BC8A-4D93-900B-A2A2EA72A139}.Debug|x86.Build.0 = Debug|Win32
		{B151C891-BC8A-4D93-900B-A2A2EA72A139}.Release|x64.ActiveCfg = Release|x64
		{B151C891-BC8A-4D93-900B-A2A2EA72A139}.Release|x64.Build.0 = Release|x64
		{B151C891-BC8A-4D93-900B-A2A2EA72A139}.Release|x86.ActiveCfg = Release|Win32
		{B151C891-BC8A-4D93-900B-A2A2EA72A139}.Release|x86.Build.0 = Release|Win32
		{4F5191D8-B661-42C5-83C8-AFF95070774E}.Debug|x64.ActiveCfg = Debug|x64
		{4F5191D8-B661-42C5-83C8-AFF95070774E}.Debug|x64.Build.0 = Debug|x64
		{4F5191D8-B661-42C5-83C8-AFF95070774E}.Debug|x86.ActiveCfg = Debug|Win32
		{4F5191D8-B661-42C5-83C8-AFF95070774E}.Debug|x86.Build.0 = Debug|Win32
		{4F5191D8-B661-42C5-83C8-AFF95070774E}.Release|x64.ActiveCfg = Release|x64
		{4F5191D8-B661-42C5-83C8-AFF95070774E}.Release|x64.Build.0 = Release|x64
		{4F5191D8-B661-42C5-83C8-AFF95070774E}.Release|x86.ActiveCfg = Release|Win32
		{4F5191D8-B661-42C5-83C8-AFF95070774E}.Release|x86.Build.0 = Release|Win32
		{BCEE49C5-736E-48A7-8307-0E8FEEC8EE61}.Debug|x64.ActiveCfg = Debug|x64
		{BCEE49C5-736E-48A7-8307-0E8FEEC8EE61}.Debug|x64.Build.0 = Debug|x64
		{BCEE49C5-736E-48A7-8307-0E8FEEC8EE61}.Debug|x86.ActiveCfg = Debug|Win32
		{BCEE49C5-736E-48A7-8307-0E8FEEC8EE61}.Debug|x86.Build.0 = Debug|Win32
		{BCEE49C5-736E-48A7-8307-0E8FEEC8EE61}.Release|x64.ActiveCfg = Release|x64
		{BCEE49C5-736E-48A7-8307-0E8FEEC8EE61}.Release|x64.Build.0 = Release|x64
		{BCEE49C5-736E-48A7-8307-0E8FEEC8EE61}.Release|x86.ActiveCfg = Release|Win32
		{BCEE49C5-736E-48A7-8307-0E8FEEC8EE61}.Release|x86.Build.0 = Release|Win32
	EndGlobalSection
	GlobalSection(SolutionProperties) = preSolution
		HideSolutionNode = FALSE
	EndGlobalSection
EndGlobal
